// !$*UTF8*$!
{
	archiveVersion = 1;
	classes = {
	};
	objectVersion = 50;
	objects = {

/* Begin PBXBuildFile section */
		CD3BFD572709FB1D00E44451 /* AppDelegate.swift in Sources */ = {isa = PBXBuildFile; fileRef = CD3BFD562709FB1D00E44451 /* AppDelegate.swift */; };
		CD3BFD592709FB1D00E44451 /* SceneDelegate.swift in Sources */ = {isa = PBXBuildFile; fileRef = CD3BFD582709FB1D00E44451 /* SceneDelegate.swift */; };
		CD3BFD5B2709FB1D00E44451 /* ViewController.swift in Sources */ = {isa = PBXBuildFile; fileRef = CD3BFD5A2709FB1D00E44451 /* ViewController.swift */; };
		CD3BFD5E2709FB1D00E44451 /* Main.storyboard in Resources */ = {isa = PBXBuildFile; fileRef = CD3BFD5C2709FB1D00E44451 /* Main.storyboard */; };
		CD3BFD602709FB1F00E44451 /* Assets.xcassets in Resources */ = {isa = PBXBuildFile; fileRef = CD3BFD5F2709FB1F00E44451 /* Assets.xcassets */; };
		CD3BFD632709FB1F00E44451 /* LaunchScreen.storyboard in Resources */ = {isa = PBXBuildFile; fileRef = CD3BFD612709FB1F00E44451 /* LaunchScreen.storyboard */; };
		CD3BFD6E2709FB1F00E44451 /* mbtialertTests.swift in Sources */ = {isa = PBXBuildFile; fileRef = CD3BFD6D2709FB1F00E44451 /* mbtialertTests.swift */; };
		CD3BFD792709FB1F00E44451 /* mbtialertUITests.swift in Sources */ = {isa = PBXBuildFile; fileRef = CD3BFD782709FB1F00E44451 /* mbtialertUITests.swift */; };
/* End PBXBuildFile section */

/* Begin PBXContainerItemProxy section */
		CD3BFD6A2709FB1F00E44451 /* PBXContainerItemProxy */ = {
			isa = PBXContainerItemProxy;
			containerPortal = CD3BFD4B2709FB1D00E44451 /* Project object */;
			proxyType = 1;
			remoteGlobalIDString = CD3BFD522709FB1D00E44451;
			remoteInfo = mbtialert;
		};
		CD3BFD752709FB1F00E44451 /* PBXContainerItemProxy */ = {
			isa = PBXContainerItemProxy;
			containerPortal = CD3BFD4B2709FB1D00E44451 /* Project object */;
			proxyType = 1;
			remoteGlobalIDString = CD3BFD522709FB1D00E44451;
			remoteInfo = mbtialert;
		};
/* End PBXContainerItemProxy section */

/* Begin PBXFileReference section */
		CD3BFD532709FB1D00E44451 /* mbtialert.app */ = {isa = PBXFileReference; explicitFileType = wrapper.application; includeInIndex = 0; path = mbtialert.app; sourceTree = BUILT_PRODUCTS_DIR; };
		CD3BFD562709FB1D00E44451 /* AppDelegate.swift */ = {isa = PBXFileReference; lastKnownFileType = sourcecode.swift; path = AppDelegate.swift; sourceTree = "<group>"; };
		CD3BFD582709FB1D00E44451 /* SceneDelegate.swift */ = {isa = PBXFileReference; lastKnownFileType = sourcecode.swift; path = SceneDelegate.swift; sourceTree = "<group>"; };
		CD3BFD5A2709FB1D00E44451 /* ViewController.swift */ = {isa = PBXFileReference; lastKnownFileType = sourcecode.swift; path = ViewController.swift; sourceTree = "<group>"; };
		CD3BFD5D2709FB1D00E44451 /* Base */ = {isa = PBXFileReference; lastKnownFileType = file.storyboard; name = Base; path = Base.lproj/Main.storyboard; sourceTree = "<group>"; };
		CD3BFD5F2709FB1F00E44451 /* Assets.xcassets */ = {isa = PBXFileReference; lastKnownFileType = folder.assetcatalog; path = Assets.xcassets; sourceTree = "<group>"; };
		CD3BFD622709FB1F00E44451 /* Base */ = {isa = PBXFileReference; lastKnownFileType = file.storyboard; name = Base; path = Base.lproj/LaunchScreen.storyboard; sourceTree = "<group>"; };
		CD3BFD642709FB1F00E44451 /* Info.plist */ = {isa = PBXFileReference; lastKnownFileType = text.plist.xml; path = Info.plist; sourceTree = "<group>"; };
		CD3BFD692709FB1F00E44451 /* mbtialertTests.xctest */ = {isa = PBXFileReference; explicitFileType = wrapper.cfbundle; includeInIndex = 0; path = mbtialertTests.xctest; sourceTree = BUILT_PRODUCTS_DIR; };
		CD3BFD6D2709FB1F00E44451 /* mbtialertTests.swift */ = {isa = PBXFileReference; lastKnownFileType = sourcecode.swift; path = mbtialertTests.swift; sourceTree = "<group>"; };
		CD3BFD6F2709FB1F00E44451 /* Info.plist */ = {isa = PBXFileReference; lastKnownFileType = text.plist.xml; path = Info.plist; sourceTree = "<group>"; };
		CD3BFD742709FB1F00E44451 /* mbtialertUITests.xctest */ = {isa = PBXFileReference; explicitFileType = wrapper.cfbundle; includeInIndex = 0; path = mbtialertUITests.xctest; sourceTree = BUILT_PRODUCTS_DIR; };
		CD3BFD782709FB1F00E44451 /* mbtialertUITests.swift */ = {isa = PBXFileReference; lastKnownFileType = sourcecode.swift; path = mbtialertUITests.swift; sourceTree = "<group>"; };
		CD3BFD7A2709FB1F00E44451 /* Info.plist */ = {isa = PBXFileReference; lastKnownFileType = text.plist.xml; path = Info.plist; sourceTree = "<group>"; };
/* End PBXFileReference section */

/* Begin PBXFrameworksBuildPhase section */
		CD3BFD502709FB1D00E44451 /* Frameworks */ = {
			isa = PBXFrameworksBuildPhase;
			buildActionMask = 2147483647;
			files = (
			);
			runOnlyForDeploymentPostprocessing = 0;
		};
		CD3BFD662709FB1F00E44451 /* Frameworks */ = {
			isa = PBXFrameworksBuildPhase;
			buildActionMask = 2147483647;
			files = (
			);
			runOnlyForDeploymentPostprocessing = 0;
		};
		CD3BFD712709FB1F00E44451 /* Frameworks */ = {
			isa = PBXFrameworksBuildPhase;
			buildActionMask = 2147483647;
			files = (
			);
			runOnlyForDeploymentPostprocessing = 0;
		};
/* End PBXFrameworksBuildPhase section */

/* Begin PBXGroup section */
		CD3BFD4A2709FB1D00E44451 = {
			isa = PBXGroup;
			children = (
				CD3BFD552709FB1D00E44451 /* mbtialert */,
				CD3BFD6C2709FB1F00E44451 /* mbtialertTests */,
				CD3BFD772709FB1F00E44451 /* mbtialertUITests */,
				CD3BFD542709FB1D00E44451 /* Products */,
			);
			sourceTree = "<group>";
		};
		CD3BFD542709FB1D00E44451 /* Products */ = {
			isa = PBXGroup;
			children = (
				CD3BFD532709FB1D00E44451 /* mbtialert.app */,
				CD3BFD692709FB1F00E44451 /* mbtialertTests.xctest */,
				CD3BFD742709FB1F00E44451 /* mbtialertUITests.xctest */,
			);
			name = Products;
			sourceTree = "<group>";
		};
		CD3BFD552709FB1D00E44451 /* mbtialert */ = {
			isa = PBXGroup;
			children = (
				CD3BFD562709FB1D00E44451 /* AppDelegate.swift */,
				CD3BFD582709FB1D00E44451 /* SceneDelegate.swift */,
				CD3BFD5A2709FB1D00E44451 /* ViewController.swift */,
				CD3BFD5C2709FB1D00E44451 /* Main.storyboard */,
				CD3BFD5F2709FB1F00E44451 /* Assets.xcassets */,
				CD3BFD612709FB1F00E44451 /* LaunchScreen.storyboard */,
				CD3BFD642709FB1F00E44451 /* Info.plist */,
			);
			path = mbtialert;
			sourceTree = "<group>";
		};
		CD3BFD6C2709FB1F00E44451 /* mbtialertTests */ = {
			isa = PBXGroup;
			children = (
				CD3BFD6D2709FB1F00E44451 /* mbtialertTests.swift */,
				CD3BFD6F2709FB1F00E44451 /* Info.plist */,
			);
			path = mbtialertTests;
			sourceTree = "<group>";
		};
		CD3BFD772709FB1F00E44451 /* mbtialertUITests */ = {
			isa = PBXGroup;
			children = (
				CD3BFD782709FB1F00E44451 /* mbtialertUITests.swift */,
				CD3BFD7A2709FB1F00E44451 /* Info.plist */,
			);
			path = mbtialertUITests;
			sourceTree = "<group>";
		};
/* End PBXGroup section */

/* Begin PBXNativeTarget section */
		CD3BFD522709FB1D00E44451 /* mbtialert */ = {
			isa = PBXNativeTarget;
			buildConfigurationList = CD3BFD7D2709FB1F00E44451 /* Build configuration list for PBXNativeTarget "mbtialert" */;
			buildPhases = (
				CD3BFD4F2709FB1D00E44451 /* Sources */,
				CD3BFD502709FB1D00E44451 /* Frameworks */,
				CD3BFD512709FB1D00E44451 /* Resources */,
			);
			buildRules = (
			);
			dependencies = (
			);
			name = mbtialert;
			productName = mbtialert;
			productReference = CD3BFD532709FB1D00E44451 /* mbtialert.app */;
			productType = "com.apple.product-type.application";
		};
		CD3BFD682709FB1F00E44451 /* mbtialertTests */ = {
			isa = PBXNativeTarget;
			buildConfigurationList = CD3BFD802709FB1F00E44451 /* Build configuration list for PBXNativeTarget "mbtialertTests" */;
			buildPhases = (
				CD3BFD652709FB1F00E44451 /* Sources */,
				CD3BFD662709FB1F00E44451 /* Frameworks */,
				CD3BFD672709FB1F00E44451 /* Resources */,
			);
			buildRules = (
			);
			dependencies = (
				CD3BFD6B2709FB1F00E44451 /* PBXTargetDependency */,
			);
			name = mbtialertTests;
			productName = mbtialertTests;
			productReference = CD3BFD692709FB1F00E44451 /* mbtialertTests.xctest */;
			productType = "com.apple.product-type.bundle.unit-test";
		};
		CD3BFD732709FB1F00E44451 /* mbtialertUITests */ = {
			isa = PBXNativeTarget;
			buildConfigurationList = CD3BFD832709FB1F00E44451 /* Build configuration list for PBXNativeTarget "mbtialertUITests" */;
			buildPhases = (
				CD3BFD702709FB1F00E44451 /* Sources */,
				CD3BFD712709FB1F00E44451 /* Frameworks */,
				CD3BFD722709FB1F00E44451 /* Resources */,
			);
			buildRules = (
			);
			dependencies = (
				CD3BFD762709FB1F00E44451 /* PBXTargetDependency */,
			);
			name = mbtialertUITests;
			productName = mbtialertUITests;
			productReference = CD3BFD742709FB1F00E44451 /* mbtialertUITests.xctest */;
			productType = "com.apple.product-type.bundle.ui-testing";
		};
/* End PBXNativeTarget section */

/* Begin PBXProject section */
		CD3BFD4B2709FB1D00E44451 /* Project object */ = {
			isa = PBXProject;
			attributes = {
				LastSwiftUpdateCheck = 1250;
				LastUpgradeCheck = 1250;
				TargetAttributes = {
					CD3BFD522709FB1D00E44451 = {
						CreatedOnToolsVersion = 12.5.1;
					};
					CD3BFD682709FB1F00E44451 = {
						CreatedOnToolsVersion = 12.5.1;
						TestTargetID = CD3BFD522709FB1D00E44451;
					};
					CD3BFD732709FB1F00E44451 = {
						CreatedOnToolsVersion = 12.5.1;
						TestTargetID = CD3BFD522709FB1D00E44451;
					};
				};
			};
			buildConfigurationList = CD3BFD4E2709FB1D00E44451 /* Build configuration list for PBXProject "mbtialert" */;
			compatibilityVersion = "Xcode 9.3";
			developmentRegion = en;
			hasScannedForEncodings = 0;
			knownRegions = (
				en,
				Base,
			);
			mainGroup = CD3BFD4A2709FB1D00E44451;
			productRefGroup = CD3BFD542709FB1D00E44451 /* Products */;
			projectDirPath = "";
			projectRoot = "";
			targets = (
				CD3BFD522709FB1D00E44451 /* mbtialert */,
				CD3BFD682709FB1F00E44451 /* mbtialertTests */,
				CD3BFD732709FB1F00E44451 /* mbtialertUITests */,
			);
		};
/* End PBXProject section */

/* Begin PBXResourcesBuildPhase section */
		CD3BFD512709FB1D00E44451 /* Resources */ = {
			isa = PBXResourcesBuildPhase;
			buildActionMask = 2147483647;
			files = (
				CD3BFD632709FB1F00E44451 /* LaunchScreen.storyboard in Resources */,
				CD3BFD602709FB1F00E44451 /* Assets.xcassets in Resources */,
				CD3BFD5E2709FB1D00E44451 /* Main.storyboard in Resources */,
			);
			runOnlyForDeploymentPostprocessing = 0;
		};
		CD3BFD672709FB1F00E44451 /* Resources */ = {
			isa = PBXResourcesBuildPhase;
			buildActionMask = 2147483647;
			files = (
			);
			runOnlyForDeploymentPostprocessing = 0;
		};
		CD3BFD722709FB1F00E44451 /* Resources */ = {
			isa = PBXResourcesBuildPhase;
			buildActionMask = 2147483647;
			files = (
			);
			runOnlyForDeploymentPostprocessing = 0;
		};
/* End PBXResourcesBuildPhase section */

/* Begin PBXSourcesBuildPhase section */
		CD3BFD4F2709FB1D00E44451 /* Sources */ = {
			isa = PBXSourcesBuildPhase;
			buildActionMask = 2147483647;
			files = (
				CD3BFD5B2709FB1D00E44451 /* ViewController.swift in Sources */,
				CD3BFD572709FB1D00E44451 /* AppDelegate.swift in Sources */,
				CD3BFD592709FB1D00E44451 /* SceneDelegate.swift in Sources */,
			);
			runOnlyForDeploymentPostprocessing = 0;
		};
		CD3BFD652709FB1F00E44451 /* Sources */ = {
			isa = PBXSourcesBuildPhase;
			buildActionMask = 2147483647;
			files = (
				CD3BFD6E2709FB1F00E44451 /* mbtialertTests.swift in Sources */,
			);
			runOnlyForDeploymentPostprocessing = 0;
		};
		CD3BFD702709FB1F00E44451 /* Sources */ = {
			isa = PBXSourcesBuildPhase;
			buildActionMask = 2147483647;
			files = (
				CD3BFD792709FB1F00E44451 /* mbtialertUITests.swift in Sources */,
			);
			runOnlyForDeploymentPostprocessing = 0;
		};
/* End PBXSourcesBuildPhase section */

/* Begin PBXTargetDependency section */
		CD3BFD6B2709FB1F00E44451 /* PBXTargetDependency */ = {
			isa = PBXTargetDependency;
			target = CD3BFD522709FB1D00E44451 /* mbtialert */;
			targetProxy = CD3BFD6A2709FB1F00E44451 /* PBXContainerItemProxy */;
		};
		CD3BFD762709FB1F00E44451 /* PBXTargetDependency */ = {
			isa = PBXTargetDependency;
			target = CD3BFD522709FB1D00E44451 /* mbtialert */;
			targetProxy = CD3BFD752709FB1F00E44451 /* PBXContainerItemProxy */;
		};
/* End PBXTargetDependency section */

/* Begin PBXVariantGroup section */
		CD3BFD5C2709FB1D00E44451 /* Main.storyboard */ = {
			isa = PBXVariantGroup;
			children = (
				CD3BFD5D2709FB1D00E44451 /* Base */,
			);
			name = Main.storyboard;
			sourceTree = "<group>";
		};
		CD3BFD612709FB1F00E44451 /* LaunchScreen.storyboard */ = {
			isa = PBXVariantGroup;
			children = (
				CD3BFD622709FB1F00E44451 /* Base */,
			);
			name = LaunchScreen.storyboard;
			sourceTree = "<group>";
		};
/* End PBXVariantGroup section */

/* Begin XCBuildConfiguration section */
		CD3BFD7B2709FB1F00E44451 /* Debug */ = {
			isa = XCBuildConfiguration;
			buildSettings = {
				ALWAYS_SEARCH_USER_PATHS = NO;
				CLANG_ANALYZER_NONNULL = YES;
				CLANG_ANALYZER_NUMBER_OBJECT_CONVERSION = YES_AGGRESSIVE;
				CLANG_CXX_LANGUAGE_STANDARD = "gnu++14";
				CLANG_CXX_LIBRARY = "libc++";
				CLANG_ENABLE_MODULES = YES;
				CLANG_ENABLE_OBJC_ARC = YES;
				CLANG_ENABLE_OBJC_WEAK = YES;
				CLANG_WARN_BLOCK_CAPTURE_AUTORELEASING = YES;
				CLANG_WARN_BOOL_CONVERSION = YES;
				CLANG_WARN_COMMA = YES;
				CLANG_WARN_CONSTANT_CONVERSION = YES;
				CLANG_WARN_DEPRECATED_OBJC_IMPLEMENTATIONS = YES;
				CLANG_WARN_DIRECT_OBJC_ISA_USAGE = YES_ERROR;
				CLANG_WARN_DOCUMENTATION_COMMENTS = YES;
				CLANG_WARN_EMPTY_BODY = YES;
				CLANG_WARN_ENUM_CONVERSION = YES;
				CLANG_WARN_INFINITE_RECURSION = YES;
				CLANG_WARN_INT_CONVERSION = YES;
				CLANG_WARN_NON_LITERAL_NULL_CONVERSION = YES;
				CLANG_WARN_OBJC_IMPLICIT_RETAIN_SELF = YES;
				CLANG_WARN_OBJC_LITERAL_CONVERSION = YES;
				CLANG_WARN_OBJC_ROOT_CLASS = YES_ERROR;
				CLANG_WARN_QUOTED_INCLUDE_IN_FRAMEWORK_HEADER = YES;
				CLANG_WARN_RANGE_LOOP_ANALYSIS = YES;
				CLANG_WARN_STRICT_PROTOTYPES = YES;
				CLANG_WARN_SUSPICIOUS_MOVE = YES;
				CLANG_WARN_UNGUARDED_AVAILABILITY = YES_AGGRESSIVE;
				CLANG_WARN_UNREACHABLE_CODE = YES;
				CLANG_WARN__DUPLICATE_METHOD_MATCH = YES;
				COPY_PHASE_STRIP = NO;
				DEBUG_INFORMATION_FORMAT = dwarf;
				ENABLE_STRICT_OBJC_MSGSEND = YES;
				ENABLE_TESTABILITY = YES;
				GCC_C_LANGUAGE_STANDARD = gnu11;
				GCC_DYNAMIC_NO_PIC = NO;
				GCC_NO_COMMON_BLOCKS = YES;
				GCC_OPTIMIZATION_LEVEL = 0;
				GCC_PREPROCESSOR_DEFINITIONS = (
					"DEBUG=1",
					"$(inherited)",
				);
				GCC_WARN_64_TO_32_BIT_CONVERSION = YES;
				GCC_WARN_ABOUT_RETURN_TYPE = YES_ERROR;
				GCC_WARN_UNDECLARED_SELECTOR = YES;
				GCC_WARN_UNINITIALIZED_AUTOS = YES_AGGRESSIVE;
				GCC_WARN_UNUSED_FUNCTION = YES;
				GCC_WARN_UNUSED_VARIABLE = YES;
				IPHONEOS_DEPLOYMENT_TARGET = 14.5;
				MTL_ENABLE_DEBUG_INFO = INCLUDE_SOURCE;
				MTL_FAST_MATH = YES;
				ONLY_ACTIVE_ARCH = YES;
				SDKROOT = iphoneos;
				SWIFT_ACTIVE_COMPILATION_CONDITIONS = DEBUG;
				SWIFT_OPTIMIZATION_LEVEL = "-Onone";
			};
			name = Debug;
		};
		CD3BFD7C2709FB1F00E44451 /* Release */ = {
			isa = XCBuildConfiguration;
			buildSettings = {
				ALWAYS_SEARCH_USER_PATHS = NO;
				CLANG_ANALYZER_NONNULL = YES;
				CLANG_ANALYZER_NUMBER_OBJECT_CONVERSION = YES_AGGRESSIVE;
				CLANG_CXX_LANGUAGE_STANDARD = "gnu++14";
				CLANG_CXX_LIBRARY = "libc++";
				CLANG_ENABLE_MODULES = YES;
				CLANG_ENABLE_OBJC_ARC = YES;
				CLANG_ENABLE_OBJC_WEAK = YES;
				CLANG_WARN_BLOCK_CAPTURE_AUTORELEASING = YES;
				CLANG_WARN_BOOL_CONVERSION = YES;
				CLANG_WARN_COMMA = YES;
				CLANG_WARN_CONSTANT_CONVERSION = YES;
				CLANG_WARN_DEPRECATED_OBJC_IMPLEMENTATIONS = YES;
				CLANG_WARN_DIRECT_OBJC_ISA_USAGE = YES_ERROR;
				CLANG_WARN_DOCUMENTATION_COMMENTS = YES;
				CLANG_WARN_EMPTY_BODY = YES;
				CLANG_WARN_ENUM_CONVERSION = YES;
				CLANG_WARN_INFINITE_RECURSION = YES;
				CLANG_WARN_INT_CONVERSION = YES;
				CLANG_WARN_NON_LITERAL_NULL_CONVERSION = YES;
				CLANG_WARN_OBJC_IMPLICIT_RETAIN_SELF = YES;
				CLANG_WARN_OBJC_LITERAL_CONVERSION = YES;
				CLANG_WARN_OBJC_ROOT_CLASS = YES_ERROR;
				CLANG_WARN_QUOTED_INCLUDE_IN_FRAMEWORK_HEADER = YES;
				CLANG_WARN_RANGE_LOOP_ANALYSIS = YES;
				CLANG_WARN_STRICT_PROTOTYPES = YES;
				CLANG_WARN_SUSPICIOUS_MOVE = YES;
				CLANG_WARN_UNGUARDED_AVAILABILITY = YES_AGGRESSIVE;
				CLANG_WARN_UNREACHABLE_CODE = YES;
				CLANG_WARN__DUPLICATE_METHOD_MATCH = YES;
				COPY_PHASE_STRIP = NO;
				DEBUG_INFORMATION_FORMAT = "dwarf-with-dsym";
				ENABLE_NS_ASSERTIONS = NO;
				ENABLE_STRICT_OBJC_MSGSEND = YES;
				GCC_C_LANGUAGE_STANDARD = gnu11;
				GCC_NO_COMMON_BLOCKS = YES;
				GCC_WARN_64_TO_32_BIT_CONVERSION = YES;
				GCC_WARN_ABOUT_RETURN_TYPE = YES_ERROR;
				GCC_WARN_UNDECLARED_SELECTOR = YES;
				GCC_WARN_UNINITIALIZED_AUTOS = YES_AGGRESSIVE;
				GCC_WARN_UNUSED_FUNCTION = YES;
				GCC_WARN_UNUSED_VARIABLE = YES;
				IPHONEOS_DEPLOYMENT_TARGET = 14.5;
				MTL_ENABLE_DEBUG_INFO = NO;
				MTL_FAST_MATH = YES;
				SDKROOT = iphoneos;
				SWIFT_COMPILATION_MODE = wholemodule;
				SWIFT_OPTIMIZATION_LEVEL = "-O";
				VALIDATE_PRODUCT = YES;
			};
			name = Release;
		};
		CD3BFD7E2709FB1F00E44451 /* Debug */ = {
			isa = XCBuildConfiguration;
			buildSettings = {
				ASSETCATALOG_COMPILER_APPICON_NAME = AppIcon;
				ASSETCATALOG_COMPILER_GLOBAL_ACCENT_COLOR_NAME = AccentColor;
				CODE_SIGN_STYLE = Automatic;
				INFOPLIST_FILE = mbtialert/Info.plist;
				LD_RUNPATH_SEARCH_PATHS = (
					"$(inherited)",
					"@executable_path/Frameworks",
				);
				PRODUCT_BUNDLE_IDENTIFIER = jade.mbtialert;
				PRODUCT_NAME = "$(TARGET_NAME)";
				SWIFT_VERSION = 5.0;
				TARGETED_DEVICE_FAMILY = "1,2";
			};
			name = Debug;
		};
		CD3BFD7F2709FB1F00E44451 /* Release */ = {
			isa = XCBuildConfiguration;
			buildSettings = {
				ASSETCATALOG_COMPILER_APPICON_NAME = AppIcon;
				ASSETCATALOG_COMPILER_GLOBAL_ACCENT_COLOR_NAME = AccentColor;
				CODE_SIGN_STYLE = Automatic;
				INFOPLIST_FILE = mbtialert/Info.plist;
				LD_RUNPATH_SEARCH_PATHS = (
					"$(inherited)",
					"@executable_path/Frameworks",
				);
				PRODUCT_BUNDLE_IDENTIFIER = jade.mbtialert;
				PRODUCT_NAME = "$(TARGET_NAME)";
				SWIFT_VERSION = 5.0;
				TARGETED_DEVICE_FAMILY = "1,2";
			};
			name = Release;
		};
		CD3BFD812709FB1F00E44451 /* Debug */ = {
			isa = XCBuildConfiguration;
			buildSettings = {
				ALWAYS_EMBED_SWIFT_STANDARD_LIBRARIES = YES;
				BUNDLE_LOADER = "$(TEST_HOST)";
				CODE_SIGN_STYLE = Automatic;
				INFOPLIST_FILE = mbtialertTests/Info.plist;
				IPHONEOS_DEPLOYMENT_TARGET = 14.5;
				LD_RUNPATH_SEARCH_PATHS = (
					"$(inherited)",
					"@executable_path/Frameworks",
					"@loader_path/Frameworks",
				);
				PRODUCT_BUNDLE_IDENTIFIER = jade.mbtialertTests;
				PRODUCT_NAME = "$(TARGET_NAME)";
				SWIFT_VERSION = 5.0;
				TARGETED_DEVICE_FAMILY = "1,2";
				TEST_HOST = "$(BUILT_PRODUCTS_DIR)/mbtialert.app/mbtialert";
			};
			name = Debug;
		};
		CD3BFD822709FB1F00E44451 /* Release */ = {
			isa = XCBuildConfiguration;
			buildSettings = {
				ALWAYS_EMBED_SWIFT_STANDARD_LIBRARIES = YES;
				BUNDLE_LOADER = "$(TEST_HOST)";
				CODE_SIGN_STYLE = Automatic;
				INFOPLIST_FILE = mbtialertTests/Info.plist;
				IPHONEOS_DEPLOYMENT_TARGET = 14.5;
				LD_RUNPATH_SEARCH_PATHS = (
					"$(inherited)",
					"@executable_path/Frameworks",
					"@loader_path/Frameworks",
				);
				PRODUCT_BUNDLE_IDENTIFIER = jade.mbtialertTests;
				PRODUCT_NAME = "$(TARGET_NAME)";
				SWIFT_VERSION = 5.0;
				TARGETED_DEVICE_FAMILY = "1,2";
				TEST_HOST = "$(BUILT_PRODUCTS_DIR)/mbtialert.app/mbtialert";
			};
			name = Release;
		};
		CD3BFD842709FB1F00E44451 /* Debug */ = {
			isa = XCBuildConfiguration;
			buildSettings = {
				ALWAYS_EMBED_SWIFT_STANDARD_LIBRARIES = YES;
				CODE_SIGN_STYLE = Automatic;
				INFOPLIST_FILE = mbtialertUITests/Info.plist;
				LD_RUNPATH_SEARCH_PATHS = (
					"$(inherited)",
					"@executable_path/Frameworks",
					"@loader_path/Frameworks",
				);
				PRODUCT_BUNDLE_IDENTIFIER = jade.mbtialertUITests;
				PRODUCT_NAME = "$(TARGET_NAME)";
				SWIFT_VERSION = 5.0;
				TARGETED_DEVICE_FAMILY = "1,2";
				TEST_TARGET_NAME = mbtialert;
			};
			name = Debug;
		};
		CD3BFD852709FB1F00E44451 /* Release */ = {
			isa = XCBuildConfiguration;
			buildSettings = {
				ALWAYS_EMBED_SWIFT_STANDARD_LIBRARIES = YES;
				CODE_SIGN_STYLE = Automatic;
				INFOPLIST_FILE = mbtialertUITests/Info.plist;
				LD_RUNPATH_SEARCH_PATHS = (
					"$(inherited)",
					"@executable_path/Frameworks",
					"@loader_path/Frameworks",
				);
				PRODUCT_BUNDLE_IDENTIFIER = jade.mbtialertUITests;
				PRODUCT_NAME = "$(TARGET_NAME)";
				SWIFT_VERSION = 5.0;
				TARGETED_DEVICE_FAMILY = "1,2";
				TEST_TARGET_NAME = mbtialert;
			};
			name = Release;
		};
/* End XCBuildConfiguration section */

/* Begin XCConfigurationList section */
		CD3BFD4E2709FB1D00E44451 /* Build configuration list for PBXProject "mbtialert" */ = {
			isa = XCConfigurationList;
			buildConfigurations = (
				CD3BFD7B2709FB1F00E44451 /* Debug */,
				CD3BFD7C2709FB1F00E44451 /* Release */,
			);
			defaultConfigurationIsVisible = 0;
			defaultConfigurationName = Release;
		};
		CD3BFD7D2709FB1F00E44451 /* Build configuration list for PBXNativeTarget "mbtialert" */ = {
			isa = XCConfigurationList;
			buildConfigurations = (
				CD3BFD7E2709FB1F00E44451 /* Debug */,
				CD3BFD7F2709FB1F00E44451 /* Release */,
			);
			defaultConfigurationIsVisible = 0;
			defaultConfigurationName = Release;
		};
		CD3BFD802709FB1F00E44451 /* Build configuration list for PBXNativeTarget "mbtialertTests" */ = {
			isa = XCConfigurationList;
			buildConfigurations = (
				CD3BFD812709FB1F00E44451 /* Debug */,
				CD3BFD822709FB1F00E44451 /* Release */,
			);
			defaultConfigurationIsVisible = 0;
			defaultConfigurationName = Release;
		};
		CD3BFD832709FB1F00E44451 /* Build configuration list for PBXNativeTarget "mbtialertUITests" */ = {
			isa = XCConfigurationList;
			buildConfigurations = (
				CD3BFD842709FB1F00E44451 /* Debug */,
				CD3BFD852709FB1F00E44451 /* Release */,
			);
			defaultConfigurationIsVisible = 0;
			defaultConfigurationName = Release;
		};
/* End XCConfigurationList section */
	};
	rootObject = CD3BFD4B2709FB1D00E44451 /* Project object */;
}
